
Microsoft Visual Studio Solution File, Format Version 12.00
# Visual Studio Version 17
VisualStudioVersion = 17.7.34024.191
MinimumVisualStudioVersion = 10.0.40219.1
Project("{8BC9CEB8-8B4A-11D0-8D11-00A0C91BC942}") = "Duplicar la entrada", "Duplicar la entrada\Duplicar la entrada.vcxproj", "{454475C6-F04F-4D34-83B9-7230B40E556B}"
EndProject
Project("{8BC9CEB8-8B4A-11D0-8D11-00A0C91BC942}") = "Numero de maximos", "Numero de maximos\Numero de maximos.vcxproj", "{2EDA72EC-47AF-414E-B52E-A8559929568F}"
EndProject
Project("{8BC9CEB8-8B4A-11D0-8D11-00A0C91BC942}") = "Está bien dividido el vector", "Está bien dividido el vector\Está bien dividido el vector.vcxproj", "{3D7BC0A6-0EEC-47CA-91DA-2473891B2E8E}"
EndProject
Project("{8BC9CEB8-8B4A-11D0-8D11-00A0C91BC942}") = "Primera palabra", "Primera palabra\Primera palabra.vcxproj", "{6BC17D41-6A95-4DD7-B04C-E61915A73AA0}"
EndProject
Project("{8BC9CEB8-8B4A-11D0-8D11-00A0C91BC942}") = "Parejas de impares y pares", "Parejas de impares y pares\Parejas de impares y pares.vcxproj", "{2F2FB883-F99E-4DBD-9479-A54DB59AC9F2}"
EndProject
Global
	GlobalSection(SolutionConfigurationPlatforms) = preSolution
		Debug|x64 = Debug|x64
		Debug|x86 = Debug|x86
		Release|x64 = Release|x64
		Release|x86 = Release|x86
	EndGlobalSection
	GlobalSection(ProjectConfigurationPlatforms) = postSolution
		{454475C6-F04F-4D34-83B9-7230B40E556B}.Debug|x64.ActiveCfg = Debug|x64
		{454475C6-F04F-4D34-83B9-7230B40E556B}.Debug|x64.Build.0 = Debug|x64
		{454475C6-F04F-4D34-83B9-7230B40E556B}.Debug|x86.ActiveCfg = Debug|Win32
		{454475C6-F04F-4D34-83B9-7230B40E556B}.Debug|x86.Build.0 = Debug|Win32
		{454475C6-F04F-4D34-83B9-7230B40E556B}.Release|x64.ActiveCfg = Release|x64
		{454475C6-F04F-4D34-83B9-7230B40E556B}.Release|x64.Build.0 = Release|x64
		{454475C6-F04F-4D34-83B9-7230B40E556B}.Release|x86.ActiveCfg = Release|Win32
		{454475C6-F04F-4D34-83B9-7230B40E556B}.Release|x86.Build.0 = Release|Win32
		{2EDA72EC-47AF-414E-B52E-A8559929568F}.Debug|x64.ActiveCfg = Debug|x64
		{2EDA72EC-47AF-414E-B52E-A8559929568F}.Debug|x64.Build.0 = Debug|x64
		{2EDA72EC-47AF-414E-B52E-A8559929568F}.Debug|x86.ActiveCfg = Debug|Win32
		{2EDA72EC-47AF-414E-B52E-A8559929568F}.Debug|x86.Build.0 = Debug|Win32
		{2EDA72EC-47AF-414E-B52E-A8559929568F}.Release|x64.ActiveCfg = Release|x64
		{2EDA72EC-47AF-414E-B52E-A8559929568F}.Release|x64.Build.0 = Release|x64
		{2EDA72EC-47AF-414E-B52E-A8559929568F}.Release|x86.ActiveCfg = Release|Win32
		{2EDA72EC-47AF-414E-B52E-A8559929568F}.Release|x86.Build.0 = Release|Win32
		{3D7BC0A6-0EEC-47CA-91DA-2473891B2E8E}.Debug|x64.ActiveCfg = Debug|x64
		{3D7BC0A6-0EEC-47CA-91DA-2473891B2E8E}.Debug|x64.Build.0 = Debug|x64
		{3D7BC0A6-0EEC-47CA-91DA-2473891B2E8E}.Debug|x86.ActiveCfg = Debug|Win32
		{3D7BC0A6-0EEC-47CA-91DA-2473891B2E8E}.Debug|x86.Build.0 = Debug|Win32
		{3D7BC0A6-0EEC-47CA-91DA-2473891B2E8E}.Release|x64.ActiveCfg = Release|x64
		{3D7BC0A6-0EEC-47CA-91DA-2473891B2E8E}.Release|x64.Build.0 = Release|x64
		{3D7BC0A6-0EEC-47CA-91DA-2473891B2E8E}.Release|x86.ActiveCfg = Release|Win32
		{3D7BC0A6-0EEC-47CA-91DA-2473891B2E8E}.Release|x86.Build.0 = Release|Win32
		{6BC17D41-6A95-4DD7-B04C-E61915A73AA0}.Debug|x64.ActiveCfg = Debug|x64
		{6BC17D41-6A95-4DD7-B04C-E61915A73AA0}.Debug|x64.Build.0 = Debug|x64
		{6BC17D41-6A95-4DD7-B04C-E61915A73AA0}.Debug|x86.ActiveCfg = Debug|Win32
		{6BC17D41-6A95-4DD7-B04C-E61915A73AA0}.Debug|x86.Build.0 = Debug|Win32
		{6BC17D41-6A95-4DD7-B04C-E61915A73AA0}.Release|x64.ActiveCfg = Release|x64
		{6BC17D41-6A95-4DD7-B04C-E61915A73AA0}.Release|x64.Build.0 = Release|x64
		{6BC17D41-6A95-4DD7-B04C-E61915A73AA0}.Release|x86.ActiveCfg = Release|Win32
		{6BC17D41-6A95-4DD7-B04C-E61915A73AA0}.Release|x86.Build.0 = Release|Win32
		{2F2FB883-F99E-4DBD-9479-A54DB59AC9F2}.Debug|x64.ActiveCfg = Debug|x64
		{2F2FB883-F99E-4DBD-9479-A54DB59AC9F2}.Debug|x64.Build.0 = Debug|x64
		{2F2FB883-F99E-4DBD-9479-A54DB59AC9F2}.Debug|x86.ActiveCfg = Debug|Win32
		{2F2FB883-F99E-4DBD-9479-A54DB59AC9F2}.Debug|x86.Build.0 = Debug|Win32
		{2F2FB883-F99E-4DBD-9479-A54DB59AC9F2}.Release|x64.ActiveCfg = Release|x64
		{2F2FB883-F99E-4DBD-9479-A54DB59AC9F2}.Release|x64.Build.0 = Release|x64
		{2F2FB883-F99E-4DBD-9479-A54DB59AC9F2}.Release|x86.ActiveCfg = Release|Win32
		{2F2FB883-F99E-4DBD-9479-A54DB59AC9F2}.Release|x86.Build.0 = Release|Win32
	EndGlobalSection
	GlobalSection(SolutionProperties) = preSolution
		HideSolutionNode = FALSE
	EndGlobalSection
	GlobalSection(ExtensibilityGlobals) = postSolution
		SolutionGuid = {3226E391-7536-4898-A331-D31C554509DF}
	EndGlobalSection
EndGlobal
