
Microsoft Visual Studio Solution File, Format Version 12.00
# Visual Studio Version 17
VisualStudioVersion = 17.7.34024.191
MinimumVisualStudioVersion = 10.0.40219.1
Project("{8BC9CEB8-8B4A-11D0-8D11-00A0C91BC942}") = "Duplicar la entrada", "Duplicar la entrada\Duplicar la entrada.vcxproj", "{454475C6-F04F-4D34-83B9-7230B40E556B}"
EndProject
Project("{8BC9CEB8-8B4A-11D0-8D11-00A0C91BC942}") = "Numero de maximos", "Numero de maximos\Numero de maximos.vcxproj", "{2EDA72EC-47AF-414E-B52E-A8559929568F}"
EndProject
Project("{8BC9CEB8-8B4A-11D0-8D11-00A0C91BC942}") = "Está bien dividido el vector", "Está bien dividido el vector\Está bien dividido el vector.vcxproj", "{3D7BC0A6-0EEC-47CA-91DA-2473891B2E8E}"
EndProject
Project("{8BC9CEB8-8B4A-11D0-8D11-00A0C91BC942}") = "Primera palabra", "Primera palabra\Primera palabra.vcxproj", "{6BC17D41-6A95-4DD7-B04C-E61915A73AA0}"
EndProject
Project("{8BC9CEB8-8B4A-11D0-8D11-00A0C91BC942}") = "Parejas de impares y pares", "Parejas de impares y pares\Parejas de impares y pares.vcxproj", "{2F2FB883-F99E-4DBD-9479-A54DB59AC9F2}"
EndProject
Project("{8BC9CEB8-8B4A-11D0-8D11-00A0C91BC942}") = "Sensores defectuosos", "Sensores defectuosos\Sensores defectuosos.vcxproj", "{C5C79DE2-02A1-4500-B598-97B00E87AB50}"
EndProject
Project("{8BC9CEB8-8B4A-11D0-8D11-00A0C91BC942}") = "Rescate aereo 1", "Rescate aereo 1\Rescate aereo 1.vcxproj", "{7B137386-A864-4912-81EA-F5B724766583}"
EndProject
Project("{8BC9CEB8-8B4A-11D0-8D11-00A0C91BC942}") = "EXJUN23-BDG-EJ1", "EXJUN23-BDG-EJ1\EXJUN23-BDG-EJ1.vcxproj", "{1E71B35F-D2A4-454E-9A2B-CE6E0626E0B9}"
EndProject
Project("{8BC9CEB8-8B4A-11D0-8D11-00A0C91BC942}") = "El casino de René EXJUL23-F-EJ1", "El casino de René EXJUL23-F-EJ1\El casino de René EXJUL23-F-EJ1.vcxproj", "{46475C14-A520-4951-9E93-FECCA4F3524C}"
EndProject
Project("{8BC9CEB8-8B4A-11D0-8D11-00A0C91BC942}") = "ContarSegmentosCerosUnos-4 ExEnero19", "ContarSegmentosCerosUnos-4 ExEnero19\ContarSegmentosCerosUnos-4 ExEnero19.vcxproj", "{198419D1-C4F9-4C54-A83A-508489487940}"
EndProject
Project("{8BC9CEB8-8B4A-11D0-8D11-00A0C91BC942}") = "Evolución de los beneficios", "Evolución de los beneficios\Evolución de los beneficios.vcxproj", "{87468FE0-68FB-432A-BBA0-34D5EE44D349}"
EndProject
Project("{8BC9CEB8-8B4A-11D0-8D11-00A0C91BC942}") = "MovilNuevoMezclaOrdenadaRepetidos-3", "MovilNuevoMezclaOrdenadaRepetidos-3\MovilNuevoMezclaOrdenadaRepetidos-3.vcxproj", "{5733A08B-21B7-47BB-A2F9-0668C84EDDD1}"
EndProject
Project("{8BC9CEB8-8B4A-11D0-8D11-00A0C91BC942}") = "Juego de dados", "Juego de dados\Juego de dados.vcxproj", "{D8EC84DE-CC38-4217-8D41-BD89964BC8B8}"
EndProject
Project("{8BC9CEB8-8B4A-11D0-8D11-00A0C91BC942}") = "Contabilidad", "Contabilidad\Contabilidad.vcxproj", "{5376264B-75C2-4DF7-91DC-9FD509A3D095}"
EndProject
Project("{8BC9CEB8-8B4A-11D0-8D11-00A0C91BC942}") = "Viajes a Marte", "Viajes a Marte\Viajes a Marte.vcxproj", "{B3913EBA-2C42-47AE-A19C-4F80F99FACED}"
EndProject
Project("{8BC9CEB8-8B4A-11D0-8D11-00A0C91BC942}") = "Cenando con los amigos", "Cenando con los amigos\Cenando con los amigos.vcxproj", "{CCE32321-945D-49B4-B0B1-78BC33CCD629}"
EndProject
Project("{8BC9CEB8-8B4A-11D0-8D11-00A0C91BC942}") = "RE Números que suman lo mismo", "RE Números que suman lo mismo\RE Números que suman lo mismo.vcxproj", "{3C1C3B88-34E5-49F4-85C4-2F1D0F69C6B9}"
EndProject
Project("{8BC9CEB8-8B4A-11D0-8D11-00A0C91BC942}") = "RE Transformar un número decimal a binario", "RE Transformar un número decimal a binario\RE Transformar un número decimal a binario.vcxproj", "{5F07A4A2-1802-41EC-99FE-4C5F5B7154F1}"
EndProject
Project("{8BC9CEB8-8B4A-11D0-8D11-00A0C91BC942}") = "RE ExamenSept2020 NumerosInteresantes", "RE ExamenSept2020 NumerosInteresantes\RE ExamenSept2020 NumerosInteresantes.vcxproj", "{FFA3598E-76E4-4A1F-A759-A7894F4CD7A1}"
EndProject
Project("{8BC9CEB8-8B4A-11D0-8D11-00A0C91BC942}") = "RE La sucesión de Fibonacci", "RE La sucesión de Fibonacci\RE La sucesión de Fibonacci.vcxproj", "{339FB439-D274-489A-A083-7D4A51D12C3D}"
EndProject
Project("{8BC9CEB8-8B4A-11D0-8D11-00A0C91BC942}") = "RE Números combinatorios", "RE Números combinatorios\RE Números combinatorios.vcxproj", "{74C0B6D1-739A-4858-B526-4C9B1756DD6A}"
EndProject
Project("{8BC9CEB8-8B4A-11D0-8D11-00A0C91BC942}") = "RE Números sin unos", "RE Números sin unos\RE Números sin unos.vcxproj", "{9A6C8794-D9D1-4EA6-A695-DC0ABF95DAC9}"
EndProject
Project("{8BC9CEB8-8B4A-11D0-8D11-00A0C91BC942}") = "RE Dígitos Complementarios", "RE Dígitos Complementarios\RE Dígitos Complementarios.vcxproj", "{E0C82463-C188-49A2-93D6-7F33131C4ADE}"
EndProject
Project("{8BC9CEB8-8B4A-11D0-8D11-00A0C91BC942}") = "DYV Lucky Lucke en busca del culpable", "DYV Lucky Lucke en busca del culpable\DYV Lucky Lucke en busca del culpable.vcxproj", "{F4F10364-6852-449B-9041-76CB45AD4E8E}"
EndProject
Global
	GlobalSection(SolutionConfigurationPlatforms) = preSolution
		Debug|x64 = Debug|x64
		Debug|x86 = Debug|x86
		Release|x64 = Release|x64
		Release|x86 = Release|x86
	EndGlobalSection
	GlobalSection(ProjectConfigurationPlatforms) = postSolution
		{454475C6-F04F-4D34-83B9-7230B40E556B}.Debug|x64.ActiveCfg = Debug|x64
		{454475C6-F04F-4D34-83B9-7230B40E556B}.Debug|x64.Build.0 = Debug|x64
		{454475C6-F04F-4D34-83B9-7230B40E556B}.Debug|x86.ActiveCfg = Debug|Win32
		{454475C6-F04F-4D34-83B9-7230B40E556B}.Debug|x86.Build.0 = Debug|Win32
		{454475C6-F04F-4D34-83B9-7230B40E556B}.Release|x64.ActiveCfg = Release|x64
		{454475C6-F04F-4D34-83B9-7230B40E556B}.Release|x64.Build.0 = Release|x64
		{454475C6-F04F-4D34-83B9-7230B40E556B}.Release|x86.ActiveCfg = Release|Win32
		{454475C6-F04F-4D34-83B9-7230B40E556B}.Release|x86.Build.0 = Release|Win32
		{2EDA72EC-47AF-414E-B52E-A8559929568F}.Debug|x64.ActiveCfg = Debug|x64
		{2EDA72EC-47AF-414E-B52E-A8559929568F}.Debug|x64.Build.0 = Debug|x64
		{2EDA72EC-47AF-414E-B52E-A8559929568F}.Debug|x86.ActiveCfg = Debug|Win32
		{2EDA72EC-47AF-414E-B52E-A8559929568F}.Debug|x86.Build.0 = Debug|Win32
		{2EDA72EC-47AF-414E-B52E-A8559929568F}.Release|x64.ActiveCfg = Release|x64
		{2EDA72EC-47AF-414E-B52E-A8559929568F}.Release|x64.Build.0 = Release|x64
		{2EDA72EC-47AF-414E-B52E-A8559929568F}.Release|x86.ActiveCfg = Release|Win32
		{2EDA72EC-47AF-414E-B52E-A8559929568F}.Release|x86.Build.0 = Release|Win32
		{3D7BC0A6-0EEC-47CA-91DA-2473891B2E8E}.Debug|x64.ActiveCfg = Debug|x64
		{3D7BC0A6-0EEC-47CA-91DA-2473891B2E8E}.Debug|x64.Build.0 = Debug|x64
		{3D7BC0A6-0EEC-47CA-91DA-2473891B2E8E}.Debug|x86.ActiveCfg = Debug|Win32
		{3D7BC0A6-0EEC-47CA-91DA-2473891B2E8E}.Debug|x86.Build.0 = Debug|Win32
		{3D7BC0A6-0EEC-47CA-91DA-2473891B2E8E}.Release|x64.ActiveCfg = Release|x64
		{3D7BC0A6-0EEC-47CA-91DA-2473891B2E8E}.Release|x64.Build.0 = Release|x64
		{3D7BC0A6-0EEC-47CA-91DA-2473891B2E8E}.Release|x86.ActiveCfg = Release|Win32
		{3D7BC0A6-0EEC-47CA-91DA-2473891B2E8E}.Release|x86.Build.0 = Release|Win32
		{6BC17D41-6A95-4DD7-B04C-E61915A73AA0}.Debug|x64.ActiveCfg = Debug|x64
		{6BC17D41-6A95-4DD7-B04C-E61915A73AA0}.Debug|x64.Build.0 = Debug|x64
		{6BC17D41-6A95-4DD7-B04C-E61915A73AA0}.Debug|x86.ActiveCfg = Debug|Win32
		{6BC17D41-6A95-4DD7-B04C-E61915A73AA0}.Debug|x86.Build.0 = Debug|Win32
		{6BC17D41-6A95-4DD7-B04C-E61915A73AA0}.Release|x64.ActiveCfg = Release|x64
		{6BC17D41-6A95-4DD7-B04C-E61915A73AA0}.Release|x64.Build.0 = Release|x64
		{6BC17D41-6A95-4DD7-B04C-E61915A73AA0}.Release|x86.ActiveCfg = Release|Win32
		{6BC17D41-6A95-4DD7-B04C-E61915A73AA0}.Release|x86.Build.0 = Release|Win32
		{2F2FB883-F99E-4DBD-9479-A54DB59AC9F2}.Debug|x64.ActiveCfg = Debug|x64
		{2F2FB883-F99E-4DBD-9479-A54DB59AC9F2}.Debug|x64.Build.0 = Debug|x64
		{2F2FB883-F99E-4DBD-9479-A54DB59AC9F2}.Debug|x86.ActiveCfg = Debug|Win32
		{2F2FB883-F99E-4DBD-9479-A54DB59AC9F2}.Debug|x86.Build.0 = Debug|Win32
		{2F2FB883-F99E-4DBD-9479-A54DB59AC9F2}.Release|x64.ActiveCfg = Release|x64
		{2F2FB883-F99E-4DBD-9479-A54DB59AC9F2}.Release|x64.Build.0 = Release|x64
		{2F2FB883-F99E-4DBD-9479-A54DB59AC9F2}.Release|x86.ActiveCfg = Release|Win32
		{2F2FB883-F99E-4DBD-9479-A54DB59AC9F2}.Release|x86.Build.0 = Release|Win32
		{C5C79DE2-02A1-4500-B598-97B00E87AB50}.Debug|x64.ActiveCfg = Debug|x64
		{C5C79DE2-02A1-4500-B598-97B00E87AB50}.Debug|x64.Build.0 = Debug|x64
		{C5C79DE2-02A1-4500-B598-97B00E87AB50}.Debug|x86.ActiveCfg = Debug|Win32
		{C5C79DE2-02A1-4500-B598-97B00E87AB50}.Debug|x86.Build.0 = Debug|Win32
		{C5C79DE2-02A1-4500-B598-97B00E87AB50}.Release|x64.ActiveCfg = Release|x64
		{C5C79DE2-02A1-4500-B598-97B00E87AB50}.Release|x64.Build.0 = Release|x64
		{C5C79DE2-02A1-4500-B598-97B00E87AB50}.Release|x86.ActiveCfg = Release|Win32
		{C5C79DE2-02A1-4500-B598-97B00E87AB50}.Release|x86.Build.0 = Release|Win32
		{7B137386-A864-4912-81EA-F5B724766583}.Debug|x64.ActiveCfg = Debug|x64
		{7B137386-A864-4912-81EA-F5B724766583}.Debug|x64.Build.0 = Debug|x64
		{7B137386-A864-4912-81EA-F5B724766583}.Debug|x86.ActiveCfg = Debug|Win32
		{7B137386-A864-4912-81EA-F5B724766583}.Debug|x86.Build.0 = Debug|Win32
		{7B137386-A864-4912-81EA-F5B724766583}.Release|x64.ActiveCfg = Release|x64
		{7B137386-A864-4912-81EA-F5B724766583}.Release|x64.Build.0 = Release|x64
		{7B137386-A864-4912-81EA-F5B724766583}.Release|x86.ActiveCfg = Release|Win32
		{7B137386-A864-4912-81EA-F5B724766583}.Release|x86.Build.0 = Release|Win32
		{1E71B35F-D2A4-454E-9A2B-CE6E0626E0B9}.Debug|x64.ActiveCfg = Debug|x64
		{1E71B35F-D2A4-454E-9A2B-CE6E0626E0B9}.Debug|x64.Build.0 = Debug|x64
		{1E71B35F-D2A4-454E-9A2B-CE6E0626E0B9}.Debug|x86.ActiveCfg = Debug|Win32
		{1E71B35F-D2A4-454E-9A2B-CE6E0626E0B9}.Debug|x86.Build.0 = Debug|Win32
		{1E71B35F-D2A4-454E-9A2B-CE6E0626E0B9}.Release|x64.ActiveCfg = Release|x64
		{1E71B35F-D2A4-454E-9A2B-CE6E0626E0B9}.Release|x64.Build.0 = Release|x64
		{1E71B35F-D2A4-454E-9A2B-CE6E0626E0B9}.Release|x86.ActiveCfg = Release|Win32
		{1E71B35F-D2A4-454E-9A2B-CE6E0626E0B9}.Release|x86.Build.0 = Release|Win32
		{46475C14-A520-4951-9E93-FECCA4F3524C}.Debug|x64.ActiveCfg = Debug|x64
		{46475C14-A520-4951-9E93-FECCA4F3524C}.Debug|x64.Build.0 = Debug|x64
		{46475C14-A520-4951-9E93-FECCA4F3524C}.Debug|x86.ActiveCfg = Debug|Win32
		{46475C14-A520-4951-9E93-FECCA4F3524C}.Debug|x86.Build.0 = Debug|Win32
		{46475C14-A520-4951-9E93-FECCA4F3524C}.Release|x64.ActiveCfg = Release|x64
		{46475C14-A520-4951-9E93-FECCA4F3524C}.Release|x64.Build.0 = Release|x64
		{46475C14-A520-4951-9E93-FECCA4F3524C}.Release|x86.ActiveCfg = Release|Win32
		{46475C14-A520-4951-9E93-FECCA4F3524C}.Release|x86.Build.0 = Release|Win32
		{198419D1-C4F9-4C54-A83A-508489487940}.Debug|x64.ActiveCfg = Debug|x64
		{198419D1-C4F9-4C54-A83A-508489487940}.Debug|x64.Build.0 = Debug|x64
		{198419D1-C4F9-4C54-A83A-508489487940}.Debug|x86.ActiveCfg = Debug|Win32
		{198419D1-C4F9-4C54-A83A-508489487940}.Debug|x86.Build.0 = Debug|Win32
		{198419D1-C4F9-4C54-A83A-508489487940}.Release|x64.ActiveCfg = Release|x64
		{198419D1-C4F9-4C54-A83A-508489487940}.Release|x64.Build.0 = Release|x64
		{198419D1-C4F9-4C54-A83A-508489487940}.Release|x86.ActiveCfg = Release|Win32
		{198419D1-C4F9-4C54-A83A-508489487940}.Release|x86.Build.0 = Release|Win32
		{87468FE0-68FB-432A-BBA0-34D5EE44D349}.Debug|x64.ActiveCfg = Debug|x64
		{87468FE0-68FB-432A-BBA0-34D5EE44D349}.Debug|x64.Build.0 = Debug|x64
		{87468FE0-68FB-432A-BBA0-34D5EE44D349}.Debug|x86.ActiveCfg = Debug|Win32
		{87468FE0-68FB-432A-BBA0-34D5EE44D349}.Debug|x86.Build.0 = Debug|Win32
		{87468FE0-68FB-432A-BBA0-34D5EE44D349}.Release|x64.ActiveCfg = Release|x64
		{87468FE0-68FB-432A-BBA0-34D5EE44D349}.Release|x64.Build.0 = Release|x64
		{87468FE0-68FB-432A-BBA0-34D5EE44D349}.Release|x86.ActiveCfg = Release|Win32
		{87468FE0-68FB-432A-BBA0-34D5EE44D349}.Release|x86.Build.0 = Release|Win32
		{5733A08B-21B7-47BB-A2F9-0668C84EDDD1}.Debug|x64.ActiveCfg = Debug|x64
		{5733A08B-21B7-47BB-A2F9-0668C84EDDD1}.Debug|x64.Build.0 = Debug|x64
		{5733A08B-21B7-47BB-A2F9-0668C84EDDD1}.Debug|x86.ActiveCfg = Debug|Win32
		{5733A08B-21B7-47BB-A2F9-0668C84EDDD1}.Debug|x86.Build.0 = Debug|Win32
		{5733A08B-21B7-47BB-A2F9-0668C84EDDD1}.Release|x64.ActiveCfg = Release|x64
		{5733A08B-21B7-47BB-A2F9-0668C84EDDD1}.Release|x64.Build.0 = Release|x64
		{5733A08B-21B7-47BB-A2F9-0668C84EDDD1}.Release|x86.ActiveCfg = Release|Win32
		{5733A08B-21B7-47BB-A2F9-0668C84EDDD1}.Release|x86.Build.0 = Release|Win32
		{D8EC84DE-CC38-4217-8D41-BD89964BC8B8}.Debug|x64.ActiveCfg = Debug|x64
		{D8EC84DE-CC38-4217-8D41-BD89964BC8B8}.Debug|x64.Build.0 = Debug|x64
		{D8EC84DE-CC38-4217-8D41-BD89964BC8B8}.Debug|x86.ActiveCfg = Debug|Win32
		{D8EC84DE-CC38-4217-8D41-BD89964BC8B8}.Debug|x86.Build.0 = Debug|Win32
		{D8EC84DE-CC38-4217-8D41-BD89964BC8B8}.Release|x64.ActiveCfg = Release|x64
		{D8EC84DE-CC38-4217-8D41-BD89964BC8B8}.Release|x64.Build.0 = Release|x64
		{D8EC84DE-CC38-4217-8D41-BD89964BC8B8}.Release|x86.ActiveCfg = Release|Win32
		{D8EC84DE-CC38-4217-8D41-BD89964BC8B8}.Release|x86.Build.0 = Release|Win32
		{5376264B-75C2-4DF7-91DC-9FD509A3D095}.Debug|x64.ActiveCfg = Debug|x64
		{5376264B-75C2-4DF7-91DC-9FD509A3D095}.Debug|x64.Build.0 = Debug|x64
		{5376264B-75C2-4DF7-91DC-9FD509A3D095}.Debug|x86.ActiveCfg = Debug|Win32
		{5376264B-75C2-4DF7-91DC-9FD509A3D095}.Debug|x86.Build.0 = Debug|Win32
		{5376264B-75C2-4DF7-91DC-9FD509A3D095}.Release|x64.ActiveCfg = Release|x64
		{5376264B-75C2-4DF7-91DC-9FD509A3D095}.Release|x64.Build.0 = Release|x64
		{5376264B-75C2-4DF7-91DC-9FD509A3D095}.Release|x86.ActiveCfg = Release|Win32
		{5376264B-75C2-4DF7-91DC-9FD509A3D095}.Release|x86.Build.0 = Release|Win32
		{B3913EBA-2C42-47AE-A19C-4F80F99FACED}.Debug|x64.ActiveCfg = Debug|x64
		{B3913EBA-2C42-47AE-A19C-4F80F99FACED}.Debug|x64.Build.0 = Debug|x64
		{B3913EBA-2C42-47AE-A19C-4F80F99FACED}.Debug|x86.ActiveCfg = Debug|Win32
		{B3913EBA-2C42-47AE-A19C-4F80F99FACED}.Debug|x86.Build.0 = Debug|Win32
		{B3913EBA-2C42-47AE-A19C-4F80F99FACED}.Release|x64.ActiveCfg = Release|x64
		{B3913EBA-2C42-47AE-A19C-4F80F99FACED}.Release|x64.Build.0 = Release|x64
		{B3913EBA-2C42-47AE-A19C-4F80F99FACED}.Release|x86.ActiveCfg = Release|Win32
		{B3913EBA-2C42-47AE-A19C-4F80F99FACED}.Release|x86.Build.0 = Release|Win32
		{CCE32321-945D-49B4-B0B1-78BC33CCD629}.Debug|x64.ActiveCfg = Debug|x64
		{CCE32321-945D-49B4-B0B1-78BC33CCD629}.Debug|x64.Build.0 = Debug|x64
		{CCE32321-945D-49B4-B0B1-78BC33CCD629}.Debug|x86.ActiveCfg = Debug|Win32
		{CCE32321-945D-49B4-B0B1-78BC33CCD629}.Debug|x86.Build.0 = Debug|Win32
		{CCE32321-945D-49B4-B0B1-78BC33CCD629}.Release|x64.ActiveCfg = Release|x64
		{CCE32321-945D-49B4-B0B1-78BC33CCD629}.Release|x64.Build.0 = Release|x64
		{CCE32321-945D-49B4-B0B1-78BC33CCD629}.Release|x86.ActiveCfg = Release|Win32
		{CCE32321-945D-49B4-B0B1-78BC33CCD629}.Release|x86.Build.0 = Release|Win32
		{3C1C3B88-34E5-49F4-85C4-2F1D0F69C6B9}.Debug|x64.ActiveCfg = Debug|x64
		{3C1C3B88-34E5-49F4-85C4-2F1D0F69C6B9}.Debug|x64.Build.0 = Debug|x64
		{3C1C3B88-34E5-49F4-85C4-2F1D0F69C6B9}.Debug|x86.ActiveCfg = Debug|Win32
		{3C1C3B88-34E5-49F4-85C4-2F1D0F69C6B9}.Debug|x86.Build.0 = Debug|Win32
		{3C1C3B88-34E5-49F4-85C4-2F1D0F69C6B9}.Release|x64.ActiveCfg = Release|x64
		{3C1C3B88-34E5-49F4-85C4-2F1D0F69C6B9}.Release|x64.Build.0 = Release|x64
		{3C1C3B88-34E5-49F4-85C4-2F1D0F69C6B9}.Release|x86.ActiveCfg = Release|Win32
		{3C1C3B88-34E5-49F4-85C4-2F1D0F69C6B9}.Release|x86.Build.0 = Release|Win32
		{5F07A4A2-1802-41EC-99FE-4C5F5B7154F1}.Debug|x64.ActiveCfg = Debug|x64
		{5F07A4A2-1802-41EC-99FE-4C5F5B7154F1}.Debug|x64.Build.0 = Debug|x64
		{5F07A4A2-1802-41EC-99FE-4C5F5B7154F1}.Debug|x86.ActiveCfg = Debug|Win32
		{5F07A4A2-1802-41EC-99FE-4C5F5B7154F1}.Debug|x86.Build.0 = Debug|Win32
		{5F07A4A2-1802-41EC-99FE-4C5F5B7154F1}.Release|x64.ActiveCfg = Release|x64
		{5F07A4A2-1802-41EC-99FE-4C5F5B7154F1}.Release|x64.Build.0 = Release|x64
		{5F07A4A2-1802-41EC-99FE-4C5F5B7154F1}.Release|x86.ActiveCfg = Release|Win32
		{5F07A4A2-1802-41EC-99FE-4C5F5B7154F1}.Release|x86.Build.0 = Release|Win32
		{FFA3598E-76E4-4A1F-A759-A7894F4CD7A1}.Debug|x64.ActiveCfg = Debug|x64
		{FFA3598E-76E4-4A1F-A759-A7894F4CD7A1}.Debug|x64.Build.0 = Debug|x64
		{FFA3598E-76E4-4A1F-A759-A7894F4CD7A1}.Debug|x86.ActiveCfg = Debug|Win32
		{FFA3598E-76E4-4A1F-A759-A7894F4CD7A1}.Debug|x86.Build.0 = Debug|Win32
		{FFA3598E-76E4-4A1F-A759-A7894F4CD7A1}.Release|x64.ActiveCfg = Release|x64
		{FFA3598E-76E4-4A1F-A759-A7894F4CD7A1}.Release|x64.Build.0 = Release|x64
		{FFA3598E-76E4-4A1F-A759-A7894F4CD7A1}.Release|x86.ActiveCfg = Release|Win32
		{FFA3598E-76E4-4A1F-A759-A7894F4CD7A1}.Release|x86.Build.0 = Release|Win32
		{339FB439-D274-489A-A083-7D4A51D12C3D}.Debug|x64.ActiveCfg = Debug|x64
		{339FB439-D274-489A-A083-7D4A51D12C3D}.Debug|x64.Build.0 = Debug|x64
		{339FB439-D274-489A-A083-7D4A51D12C3D}.Debug|x86.ActiveCfg = Debug|Win32
		{339FB439-D274-489A-A083-7D4A51D12C3D}.Debug|x86.Build.0 = Debug|Win32
		{339FB439-D274-489A-A083-7D4A51D12C3D}.Release|x64.ActiveCfg = Release|x64
		{339FB439-D274-489A-A083-7D4A51D12C3D}.Release|x64.Build.0 = Release|x64
		{339FB439-D274-489A-A083-7D4A51D12C3D}.Release|x86.ActiveCfg = Release|Win32
		{339FB439-D274-489A-A083-7D4A51D12C3D}.Release|x86.Build.0 = Release|Win32
		{74C0B6D1-739A-4858-B526-4C9B1756DD6A}.Debug|x64.ActiveCfg = Debug|x64
		{74C0B6D1-739A-4858-B526-4C9B1756DD6A}.Debug|x64.Build.0 = Debug|x64
		{74C0B6D1-739A-4858-B526-4C9B1756DD6A}.Debug|x86.ActiveCfg = Debug|Win32
		{74C0B6D1-739A-4858-B526-4C9B1756DD6A}.Debug|x86.Build.0 = Debug|Win32
		{74C0B6D1-739A-4858-B526-4C9B1756DD6A}.Release|x64.ActiveCfg = Release|x64
		{74C0B6D1-739A-4858-B526-4C9B1756DD6A}.Release|x64.Build.0 = Release|x64
		{74C0B6D1-739A-4858-B526-4C9B1756DD6A}.Release|x86.ActiveCfg = Release|Win32
		{74C0B6D1-739A-4858-B526-4C9B1756DD6A}.Release|x86.Build.0 = Release|Win32
		{9A6C8794-D9D1-4EA6-A695-DC0ABF95DAC9}.Debug|x64.ActiveCfg = Debug|x64
		{9A6C8794-D9D1-4EA6-A695-DC0ABF95DAC9}.Debug|x64.Build.0 = Debug|x64
		{9A6C8794-D9D1-4EA6-A695-DC0ABF95DAC9}.Debug|x86.ActiveCfg = Debug|Win32
		{9A6C8794-D9D1-4EA6-A695-DC0ABF95DAC9}.Debug|x86.Build.0 = Debug|Win32
		{9A6C8794-D9D1-4EA6-A695-DC0ABF95DAC9}.Release|x64.ActiveCfg = Release|x64
		{9A6C8794-D9D1-4EA6-A695-DC0ABF95DAC9}.Release|x64.Build.0 = Release|x64
		{9A6C8794-D9D1-4EA6-A695-DC0ABF95DAC9}.Release|x86.ActiveCfg = Release|Win32
		{9A6C8794-D9D1-4EA6-A695-DC0ABF95DAC9}.Release|x86.Build.0 = Release|Win32
		{E0C82463-C188-49A2-93D6-7F33131C4ADE}.Debug|x64.ActiveCfg = Debug|x64
		{E0C82463-C188-49A2-93D6-7F33131C4ADE}.Debug|x64.Build.0 = Debug|x64
		{E0C82463-C188-49A2-93D6-7F33131C4ADE}.Debug|x86.ActiveCfg = Debug|Win32
		{E0C82463-C188-49A2-93D6-7F33131C4ADE}.Debug|x86.Build.0 = Debug|Win32
		{E0C82463-C188-49A2-93D6-7F33131C4ADE}.Release|x64.ActiveCfg = Release|x64
		{E0C82463-C188-49A2-93D6-7F33131C4ADE}.Release|x64.Build.0 = Release|x64
		{E0C82463-C188-49A2-93D6-7F33131C4ADE}.Release|x86.ActiveCfg = Release|Win32
		{E0C82463-C188-49A2-93D6-7F33131C4ADE}.Release|x86.Build.0 = Release|Win32
		{F4F10364-6852-449B-9041-76CB45AD4E8E}.Debug|x64.ActiveCfg = Debug|x64
		{F4F10364-6852-449B-9041-76CB45AD4E8E}.Debug|x64.Build.0 = Debug|x64
		{F4F10364-6852-449B-9041-76CB45AD4E8E}.Debug|x86.ActiveCfg = Debug|Win32
		{F4F10364-6852-449B-9041-76CB45AD4E8E}.Debug|x86.Build.0 = Debug|Win32
		{F4F10364-6852-449B-9041-76CB45AD4E8E}.Release|x64.ActiveCfg = Release|x64
		{F4F10364-6852-449B-9041-76CB45AD4E8E}.Release|x64.Build.0 = Release|x64
		{F4F10364-6852-449B-9041-76CB45AD4E8E}.Release|x86.ActiveCfg = Release|Win32
		{F4F10364-6852-449B-9041-76CB45AD4E8E}.Release|x86.Build.0 = Release|Win32
	EndGlobalSection
	GlobalSection(SolutionProperties) = preSolution
		HideSolutionNode = FALSE
	EndGlobalSection
	GlobalSection(ExtensibilityGlobals) = postSolution
		SolutionGuid = {3226E391-7536-4898-A331-D31C554509DF}
	EndGlobalSection
EndGlobal
